
Microsoft Visual Studio Solution File, Format Version 12.00
# Visual Studio Version 17
VisualStudioVersion = 17.14.36221.1 d17.14
MinimumVisualStudioVersion = 10.0.40219.1
Project("{FAE04EC0-301F-11D3-BF4B-00C04F79EFBC}") = "Assignment 5", "Assignment 5\Assignment 5.csproj", "{BCF15BD9-5704-48A5-B8E7-F96C9A497BFA}"
EndProject
Project("{FAE04EC0-301F-11D3-BF4B-00C04F79EFBC}") = "Demo session 5", "Demo session 5\Demo session 5.csproj", "{B51CBBF9-849A-4643-A35B-8AF60B476219}"
EndProject
Global
	GlobalSection(SolutionConfigurationPlatforms) = preSolution
		Debug|Any CPU = Debug|Any CPU
		Release|Any CPU = Release|Any CPU
	EndGlobalSection
	GlobalSection(ProjectConfigurationPlatforms) = postSolution
		{BCF15BD9-5704-48A5-B8E7-F96C9A497BFA}.Debug|Any CPU.ActiveCfg = Debug|Any CPU
		{BCF15BD9-5704-48A5-B8E7-F96C9A497BFA}.Debug|Any CPU.Build.0 = Debug|Any CPU
		{BCF15BD9-5704-48A5-B8E7-F96C9A497BFA}.Release|Any CPU.ActiveCfg = Release|Any CPU
		{BCF15BD9-5704-48A5-B8E7-F96C9A497BFA}.Release|Any CPU.Build.0 = Release|Any CPU
		{B51CBBF9-849A-4643-A35B-8AF60B476219}.Debug|Any CPU.ActiveCfg = Debug|Any CPU
		{B51CBBF9-849A-4643-A35B-8AF60B476219}.Debug|Any CPU.Build.0 = Debug|Any CPU
		{B51CBBF9-849A-4643-A35B-8AF60B476219}.Release|Any CPU.ActiveCfg = Release|Any CPU
		{B51CBBF9-849A-4643-A35B-8AF60B476219}.Release|Any CPU.Build.0 = Release|Any CPU
	EndGlobalSection
	GlobalSection(SolutionProperties) = preSolution
		HideSolutionNode = FALSE
	EndGlobalSection
	GlobalSection(ExtensibilityGlobals) = postSolution
		SolutionGuid = {70EC0B9F-8FC3-4AA0-A0EB-B5EEDCEC69D7}
	EndGlobalSection
EndGlobal
